PODS:
  - colyseus (0.18.0)
  - FlutterMacOS (1.0.0)

DEPENDENCIES:
  - colyseus (from `Flutter/ephemeral/.symlinks/plugins/colyseus/macos`)
  - FlutterMacOS (from `Flutter/ephemeral`)

EXTERNAL SOURCES:
  colyseus:
    :path: Flutter/ephemeral/.symlinks/plugins/colyseus/macos
  FlutterMacOS:
    :path: Flutter/ephemeral

SPEC CHECKSUMS:
  colyseus: d580bdbf5ea387ef30c39abfbd2b1c59785e3c3d
  FlutterMacOS: d0db08ddef1a9af05a5ec4b724367152bb0500b1

PODFILE CHECKSUM: 54d867c82ac51cbd61b565781b9fada492027009

COCOAPODS: 1.17.0
